
Microsoft Visual Studio Solution File, Format Version 12.00
# Visual Studio Version 17
VisualStudioVersion = 17.14.36414.22 d17.14
MinimumVisualStudioVersion = 10.0.40219.1
Project("{FAE04EC0-301F-11D3-BF4B-00C04F79EFBC}") = "SecureProductManager", "SecureProductManager\SecureProductManager.csproj", "{FE973B4A-EDA0-4597-8BBE-3157672573EF}"
EndProject
Global
	GlobalSection(SolutionConfigurationPlatforms) = preSolution
		Debug|Any CPU = Debug|Any CPU
		Release|Any CPU = Release|Any CPU
	EndGlobalSection
	GlobalSection(ProjectConfigurationPlatforms) = postSolution
		{FE973B4A-EDA0-4597-8BBE-3157672573EF}.Debug|Any CPU.ActiveCfg = Debug|Any CPU
		{FE973B4A-EDA0-4597-8BBE-3157672573EF}.Debug|Any CPU.Build.0 = Debug|Any CPU
		{FE973B4A-EDA0-4597-8BBE-3157672573EF}.Release|Any CPU.ActiveCfg = Release|Any CPU
		{FE973B4A-EDA0-4597-8BBE-3157672573EF}.Release|Any CPU.Build.0 = Release|Any CPU
	EndGlobalSection
	GlobalSection(SolutionProperties) = preSolution
		HideSolutionNode = FALSE
	EndGlobalSection
	GlobalSection(ExtensibilityGlobals) = postSolution
		SolutionGuid = {8FE05515-E27B-49B7-A296-5846CE765C89}
	EndGlobalSection
EndGlobal
